{
  "name": "cafesys",
  "version": "1.0.0",
  "lockfileVersion": 3,
  "requires": true,
  "packages": {
    "": {
      "name": "cafesys",
      "version": "1.0.0",
      "license": "ISC",
      "dependencies": {
        "fake-indexeddb": "^6.0.0",
        "indexeddb": "^0.0.0"
      },
      "devDependencies": {
        "typescript": "^5.8.3"
      }
    },
    "node_modules/fake-indexeddb": {
      "version": "6.0.0",
      "resolved": "https://registry.npmjs.org/fake-indexeddb/-/fake-indexeddb-6.0.0.tgz",
      "integrity": "sha512-YEboHE5VfopUclOck7LncgIqskAqnv4q0EWbYCaxKKjAvO93c+TJIaBuGy8CBFdbg9nKdpN3AuPRwVBJ4k7NrQ==",
      "license": "Apache-2.0",
      "engines": {
        "node": ">=18"
      }
    },
    "node_modules/indexeddb": {
      "version": "0.0.0",
      "resolved": "https://registry.npmjs.org/indexeddb/-/indexeddb-0.0.0.tgz",
      "integrity": "sha512-5tzotmKaxpGEoy7TD4GSjMuAP1b20cs5XgVFLPPp3t8KLDLoemsA1Gi9taowtYT9uyq1+RdWQJ7l6D5WdimHog=="
    },
    "node_modules/typescript": {
      "version": "5.8.3",
      "resolved": "https://registry.npmjs.org/typescript/-/typescript-5.8.3.tgz",
      "integrity": "sha512-p1diW6TqL9L07nNxvRMM7hMMw4c5XOo/1ibL4aAIGmSAt9slTE1Xgw5KWuof2uTOvCg9BY7ZRi+GaF+7sfgPeQ==",
      "dev": true,
      "license": "Apache-2.0",
      "bin": {
        "tsc": "bin/tsc",
        "tsserver": "bin/tsserver"
      },
      "engines": {
        "node": ">=14.17"
      }
    }
  }
}
